
Microsoft Visual Studio Solution File, Format Version 12.00
Project("{2150E333-8FDC-42A3-9474-1A3956D46DE8}") = "src", "src", "{154CA9C1-D8F0-41CA-A172-9B345C84A12B}"
EndProject
Project("{FAE04EC0-301F-11D3-BF4B-00C04F79EFBC}") = "WebApi", "src\WebApi\WebApi.csproj", "{3B5C57BE-9F43-466E-B6AD-56A5F45A742E}"
EndProject
Project("{2150E333-8FDC-42A3-9474-1A3956D46DE8}") = "tests", "tests", "{4B5F7E5F-8A85-44C4-AE63-3CDD21391852}"
EndProject
Project("{FAE04EC0-301F-11D3-BF4B-00C04F79EFBC}") = "Application", "src\Application\Application.csproj", "{890D0878-9914-4F28-8773-14B1363605A7}"
EndProject
Project("{FAE04EC0-301F-11D3-BF4B-00C04F79EFBC}") = "Domain", "src\Domain\Domain.csproj", "{2BCD8698-6341-4F48-8580-AB0DC5A3A9F4}"
EndProject
Project("{FAE04EC0-301F-11D3-BF4B-00C04F79EFBC}") = "Infrastructure", "src\Infrastructure\Infrastructure.csproj", "{14D4B1D8-F7E8-49C9-A0FA-81D97303F726}"
EndProject
Project("{FAE04EC0-301F-11D3-BF4B-00C04F79EFBC}") = "Application.UnitTests", "tests\Application.UnitTests\Application.UnitTests.csproj", "{A40F5985-78B8-48CB-8DB9-3B71CBEA275C}"
EndProject
Project("{FAE04EC0-301F-11D3-BF4B-00C04F79EFBC}") = "Domain.UnitTests", "tests\Domain.UnitTests\Domain.UnitTests.csproj", "{D5F749BC-570F-4F21-9CAD-EF8DD8CF95D8}"
EndProject
Project("{FAE04EC0-301F-11D3-BF4B-00C04F79EFBC}") = "Infrastructure.IntegrationTests", "tests\Infrastructure.IntegrationTests\Infrastructure.IntegrationTests.csproj", "{48C1418C-730C-4A22-8033-F9569F7FA49C}"
EndProject
Project("{FAE04EC0-301F-11D3-BF4B-00C04F79EFBC}") = "WebApi.IntegrationTests", "tests\WebApi.IntegrationTests\WebApi.IntegrationTests.csproj", "{664741AC-3507-4827-B9AA-85C7C955A4ED}"
EndProject
Project("{FAE04EC0-301F-11D3-BF4B-00C04F79EFBC}") = "IdentityServer", "src\IdentityServer\IdentityServer.csproj", "{E81B4FCA-8A6E-4A7D-A576-BA6A8338B7B1}"
EndProject
Global
	GlobalSection(SolutionConfigurationPlatforms) = preSolution
		Debug|Any CPU = Debug|Any CPU
		Release|Any CPU = Release|Any CPU
	EndGlobalSection
	GlobalSection(NestedProjects) = preSolution
		{3B5C57BE-9F43-466E-B6AD-56A5F45A742E} = {154CA9C1-D8F0-41CA-A172-9B345C84A12B}
		{890D0878-9914-4F28-8773-14B1363605A7} = {154CA9C1-D8F0-41CA-A172-9B345C84A12B}
		{2BCD8698-6341-4F48-8580-AB0DC5A3A9F4} = {154CA9C1-D8F0-41CA-A172-9B345C84A12B}
		{14D4B1D8-F7E8-49C9-A0FA-81D97303F726} = {154CA9C1-D8F0-41CA-A172-9B345C84A12B}
		{A40F5985-78B8-48CB-8DB9-3B71CBEA275C} = {4B5F7E5F-8A85-44C4-AE63-3CDD21391852}
		{D5F749BC-570F-4F21-9CAD-EF8DD8CF95D8} = {4B5F7E5F-8A85-44C4-AE63-3CDD21391852}
		{48C1418C-730C-4A22-8033-F9569F7FA49C} = {4B5F7E5F-8A85-44C4-AE63-3CDD21391852}
		{664741AC-3507-4827-B9AA-85C7C955A4ED} = {4B5F7E5F-8A85-44C4-AE63-3CDD21391852}
		{E81B4FCA-8A6E-4A7D-A576-BA6A8338B7B1} = {154CA9C1-D8F0-41CA-A172-9B345C84A12B}
	EndGlobalSection
	GlobalSection(ProjectConfigurationPlatforms) = postSolution
		{3B5C57BE-9F43-466E-B6AD-56A5F45A742E}.Debug|Any CPU.ActiveCfg = Debug|Any CPU
		{3B5C57BE-9F43-466E-B6AD-56A5F45A742E}.Debug|Any CPU.Build.0 = Debug|Any CPU
		{3B5C57BE-9F43-466E-B6AD-56A5F45A742E}.Release|Any CPU.ActiveCfg = Release|Any CPU
		{3B5C57BE-9F43-466E-B6AD-56A5F45A742E}.Release|Any CPU.Build.0 = Release|Any CPU
		{890D0878-9914-4F28-8773-14B1363605A7}.Debug|Any CPU.ActiveCfg = Debug|Any CPU
		{890D0878-9914-4F28-8773-14B1363605A7}.Debug|Any CPU.Build.0 = Debug|Any CPU
		{890D0878-9914-4F28-8773-14B1363605A7}.Release|Any CPU.ActiveCfg = Release|Any CPU
		{890D0878-9914-4F28-8773-14B1363605A7}.Release|Any CPU.Build.0 = Release|Any CPU
		{2BCD8698-6341-4F48-8580-AB0DC5A3A9F4}.Debug|Any CPU.ActiveCfg = Debug|Any CPU
		{2BCD8698-6341-4F48-8580-AB0DC5A3A9F4}.Debug|Any CPU.Build.0 = Debug|Any CPU
		{2BCD8698-6341-4F48-8580-AB0DC5A3A9F4}.Release|Any CPU.ActiveCfg = Release|Any CPU
		{2BCD8698-6341-4F48-8580-AB0DC5A3A9F4}.Release|Any CPU.Build.0 = Release|Any CPU
		{14D4B1D8-F7E8-49C9-A0FA-81D97303F726}.Debug|Any CPU.ActiveCfg = Debug|Any CPU
		{14D4B1D8-F7E8-49C9-A0FA-81D97303F726}.Debug|Any CPU.Build.0 = Debug|Any CPU
		{14D4B1D8-F7E8-49C9-A0FA-81D97303F726}.Release|Any CPU.ActiveCfg = Release|Any CPU
		{14D4B1D8-F7E8-49C9-A0FA-81D97303F726}.Release|Any CPU.Build.0 = Release|Any CPU
		{A40F5985-78B8-48CB-8DB9-3B71CBEA275C}.Debug|Any CPU.ActiveCfg = Debug|Any CPU
		{A40F5985-78B8-48CB-8DB9-3B71CBEA275C}.Debug|Any CPU.Build.0 = Debug|Any CPU
		{A40F5985-78B8-48CB-8DB9-3B71CBEA275C}.Release|Any CPU.ActiveCfg = Release|Any CPU
		{A40F5985-78B8-48CB-8DB9-3B71CBEA275C}.Release|Any CPU.Build.0 = Release|Any CPU
		{D5F749BC-570F-4F21-9CAD-EF8DD8CF95D8}.Debug|Any CPU.ActiveCfg = Debug|Any CPU
		{D5F749BC-570F-4F21-9CAD-EF8DD8CF95D8}.Debug|Any CPU.Build.0 = Debug|Any CPU
		{D5F749BC-570F-4F21-9CAD-EF8DD8CF95D8}.Release|Any CPU.ActiveCfg = Release|Any CPU
		{D5F749BC-570F-4F21-9CAD-EF8DD8CF95D8}.Release|Any CPU.Build.0 = Release|Any CPU
		{48C1418C-730C-4A22-8033-F9569F7FA49C}.Debug|Any CPU.ActiveCfg = Debug|Any CPU
		{48C1418C-730C-4A22-8033-F9569F7FA49C}.Debug|Any CPU.Build.0 = Debug|Any CPU
		{48C1418C-730C-4A22-8033-F9569F7FA49C}.Release|Any CPU.ActiveCfg = Release|Any CPU
		{48C1418C-730C-4A22-8033-F9569F7FA49C}.Release|Any CPU.Build.0 = Release|Any CPU
		{664741AC-3507-4827-B9AA-85C7C955A4ED}.Debug|Any CPU.ActiveCfg = Debug|Any CPU
		{664741AC-3507-4827-B9AA-85C7C955A4ED}.Debug|Any CPU.Build.0 = Debug|Any CPU
		{664741AC-3507-4827-B9AA-85C7C955A4ED}.Release|Any CPU.ActiveCfg = Release|Any CPU
		{664741AC-3507-4827-B9AA-85C7C955A4ED}.Release|Any CPU.Build.0 = Release|Any CPU
		{E81B4FCA-8A6E-4A7D-A576-BA6A8338B7B1}.Debug|Any CPU.ActiveCfg = Debug|Any CPU
		{E81B4FCA-8A6E-4A7D-A576-BA6A8338B7B1}.Debug|Any CPU.Build.0 = Debug|Any CPU
		{E81B4FCA-8A6E-4A7D-A576-BA6A8338B7B1}.Release|Any CPU.ActiveCfg = Release|Any CPU
		{E81B4FCA-8A6E-4A7D-A576-BA6A8338B7B1}.Release|Any CPU.Build.0 = Release|Any CPU
	EndGlobalSection
EndGlobal
